
Microsoft Visual Studio Solution File, Format Version 12.00
# Visual Studio Version 17
VisualStudioVersion = 17.4.33122.133
MinimumVisualStudioVersion = 10.0.40219.1
Project("{FAE04EC0-301F-11D3-BF4B-00C04F79EFBC}") = "Desafio2 02 12", "Desafio2 02 12\Desafio2 02 12.csproj", "{498D2EA0-B76D-4E8F-B18C-148DD9DF224E}"
EndProject
Global
	GlobalSection(SolutionConfigurationPlatforms) = preSolution
		Debug|Any CPU = Debug|Any CPU
		Release|Any CPU = Release|Any CPU
	EndGlobalSection
	GlobalSection(ProjectConfigurationPlatforms) = postSolution
		{498D2EA0-B76D-4E8F-B18C-148DD9DF224E}.Debug|Any CPU.ActiveCfg = Debug|Any CPU
		{498D2EA0-B76D-4E8F-B18C-148DD9DF224E}.Debug|Any CPU.Build.0 = Debug|Any CPU
		{498D2EA0-B76D-4E8F-B18C-148DD9DF224E}.Release|Any CPU.ActiveCfg = Release|Any CPU
		{498D2EA0-B76D-4E8F-B18C-148DD9DF224E}.Release|Any CPU.Build.0 = Release|Any CPU
	EndGlobalSection
	GlobalSection(SolutionProperties) = preSolution
		HideSolutionNode = FALSE
	EndGlobalSection
	GlobalSection(ExtensibilityGlobals) = postSolution
		SolutionGuid = {B68FAD2E-BF99-40CA-9416-CB740B0C2078}
	EndGlobalSection
EndGlobal
